
Microsoft Visual Studio Solution File, Format Version 12.00
# Visual Studio Version 17
VisualStudioVersion = 17.8.34219.65
MinimumVisualStudioVersion = 10.0.40219.1
Project("{FAE04EC0-301F-11D3-BF4B-00C04F79EFBC}") = "ConsoleAppChecksImageIsMultiPageOrNot", "ConsoleAppChecksImageIsMultiPageOrNot\ConsoleAppChecksImageIsMultiPageOrNot.csproj", "{9DC3A976-73D9-4590-BDA1-A7743C61213B}"
EndProject
Global
	GlobalSection(SolutionConfigurationPlatforms) = preSolution
		Debug|Any CPU = Debug|Any CPU
		Release|Any CPU = Release|Any CPU
	EndGlobalSection
	GlobalSection(ProjectConfigurationPlatforms) = postSolution
		{9DC3A976-73D9-4590-BDA1-A7743C61213B}.Debug|Any CPU.ActiveCfg = Debug|Any CPU
		{9DC3A976-73D9-4590-BDA1-A7743C61213B}.Debug|Any CPU.Build.0 = Debug|Any CPU
		{9DC3A976-73D9-4590-BDA1-A7743C61213B}.Release|Any CPU.ActiveCfg = Release|Any CPU
		{9DC3A976-73D9-4590-BDA1-A7743C61213B}.Release|Any CPU.Build.0 = Release|Any CPU
	EndGlobalSection
	GlobalSection(SolutionProperties) = preSolution
		HideSolutionNode = FALSE
	EndGlobalSection
	GlobalSection(ExtensibilityGlobals) = postSolution
		SolutionGuid = {8DAE7B22-DB7D-45D2-ADA0-1FAFAE40FC7E}
	EndGlobalSection
EndGlobal
